{
  "version": "3",
  "packages": {
    "specifiers": {
      "jsr:@nostrify/nostrify@^0.36.0": "jsr:@nostrify/nostrify@0.36.0",
      "jsr:@nostrify/types@^0.35.0": "jsr:@nostrify/types@0.35.0",
      "jsr:@scure/base@^1.1.7": "jsr:@scure/base@1.1.7",
      "jsr:@std/bytes@^1.0.2": "jsr:@std/bytes@1.0.2",
      "jsr:@std/encoding@^0.224.1": "jsr:@std/encoding@0.224.3",
      "jsr:@std/encoding@^1.0.5": "jsr:@std/encoding@1.0.5",
      "npm:@scure/bip32@^1.4.0": "npm:@scure/bip32@1.5.0",
      "npm:@scure/bip39@^1.3.0": "npm:@scure/bip39@1.4.0",
      "npm:@types/node": "npm:@types/node@18.16.19",
      "npm:bech32": "npm:bech32@2.0.0",
      "npm:feed": "npm:feed@4.2.2",
      "npm:lru-cache": "npm:lru-cache@11.0.1",
      "npm:lru-cache@^10.2.0": "npm:lru-cache@10.4.3",
      "npm:nostr-tools@^2.7.0": "npm:nostr-tools@2.7.2",
      "npm:websocket-ts@^2.1.5": "npm:websocket-ts@2.1.5",
      "npm:zod@^3.23.8": "npm:zod@3.23.8"
    },
    "jsr": {
      "@nostrify/nostrify@0.36.0": {
        "integrity": "f00dbff1f02a2c496c5e85eeeb7a84101b7dd874d87456449dc71b6d037e40fc",
        "dependencies": [
          "jsr:@nostrify/types@^0.35.0",
          "jsr:@std/encoding@^0.224.1",
          "npm:@scure/bip32@^1.4.0",
          "npm:@scure/bip39@^1.3.0",
          "npm:lru-cache@^10.2.0",
          "npm:nostr-tools@^2.7.0",
          "npm:websocket-ts@^2.1.5",
          "npm:zod@^3.23.8"
        ]
      },
      "@nostrify/types@0.35.0": {
        "integrity": "b8d515563d467072694557d5626fa1600f74e83197eef45dd86a9a99c64f7fe6"
      },
      "@scure/base@1.1.7": {
        "integrity": "0b1fcb7fb1ecd92419773259a4de781cac13d0d85733fc43ea9511f1d678f968"
      },
      "@std/bytes@1.0.2": {
        "integrity": "fbdee322bbd8c599a6af186a1603b3355e59a5fb1baa139f8f4c3c9a1b3e3d57"
      },
      "@std/encoding@0.224.3": {
        "integrity": "5e861b6d81be5359fad4155e591acf17c0207b595112d1840998bb9f476dbdaf"
      },
      "@std/encoding@1.0.5": {
        "integrity": "ecf363d4fc25bd85bd915ff6733a7e79b67e0e7806334af15f4645c569fefc04"
      }
    },
    "npm": {
      "@noble/ciphers@0.5.3": {
        "integrity": "sha512-B0+6IIHiqEs3BPMT0hcRmHvEj2QHOLu+uwt+tqDDeVd0oyVzh7BPrDcPjRnV1PV/5LaknXJJQvOuRGR0zQJz+w==",
        "dependencies": {}
      },
      "@noble/curves@1.1.0": {
        "integrity": "sha512-091oBExgENk/kGj3AZmtBDMpxQPDtxQABR2B9lb1JbVTs6ytdzZNwvhxQ4MWasRNEzlbEH8jCWFCwhF/Obj5AA==",
        "dependencies": {
          "@noble/hashes": "@noble/hashes@1.3.1"
        }
      },
      "@noble/curves@1.2.0": {
        "integrity": "sha512-oYclrNgRaM9SsBUBVbb8M6DTV7ZHRTKugureoYEncY5c65HOmRzvSiTE3y5CYaPYJA/GVkrhXEoF0M3Ya9PMnw==",
        "dependencies": {
          "@noble/hashes": "@noble/hashes@1.3.2"
        }
      },
      "@noble/curves@1.6.0": {
        "integrity": "sha512-TlaHRXDehJuRNR9TfZDNQ45mMEd5dwUwmicsafcIX4SsNiqnCHKjE/1alYPd/lDRVhxdhUAlv8uEhMCI5zjIJQ==",
        "dependencies": {
          "@noble/hashes": "@noble/hashes@1.5.0"
        }
      },
      "@noble/hashes@1.3.1": {
        "integrity": "sha512-EbqwksQwz9xDRGfDST86whPBgM65E0OH/pCgqW0GBVzO22bNE+NuIbeTb714+IfSjU3aRk47EUvXIb5bTsenKA==",
        "dependencies": {}
      },
      "@noble/hashes@1.3.2": {
        "integrity": "sha512-MVC8EAQp7MvEcm30KWENFjgR+Mkmf+D189XJTkFIlwohU5hcBbn1ZkKq7KVTi2Hme3PMGF390DaL52beVrIihQ==",
        "dependencies": {}
      },
      "@noble/hashes@1.5.0": {
        "integrity": "sha512-1j6kQFb7QRru7eKN3ZDvRcP13rugwdxZqCjbiAVZfIJwgj2A65UmT4TgARXGlXgnRkORLTDTrO19ZErt7+QXgA==",
        "dependencies": {}
      },
      "@scure/base@1.1.1": {
        "integrity": "sha512-ZxOhsSyxYwLJj3pLZCefNitxsj093tb2vq90mp2txoYeBqbcjDjqFhyM8eUjq/uFm6zJ+mUuqxlS2FkuSY1MTA==",
        "dependencies": {}
      },
      "@scure/base@1.1.9": {
        "integrity": "sha512-8YKhl8GHiNI/pU2VMaofa2Tor7PJRAjwQLBBuilkJ9L5+13yVbC7JO/wS7piioAvPSwR3JKM1IJ/u4xQzbcXKg==",
        "dependencies": {}
      },
      "@scure/bip32@1.3.1": {
        "integrity": "sha512-osvveYtyzdEVbt3OfwwXFr4P2iVBL5u1Q3q4ONBfDY/UpOuXmOlbgwc1xECEboY8wIays8Yt6onaWMUdUbfl0A==",
        "dependencies": {
          "@noble/curves": "@noble/curves@1.1.0",
          "@noble/hashes": "@noble/hashes@1.3.2",
          "@scure/base": "@scure/base@1.1.9"
        }
      },
      "@scure/bip32@1.5.0": {
        "integrity": "sha512-8EnFYkqEQdnkuGBVpCzKxyIwDCBLDVj3oiX0EKUFre/tOjL/Hqba1D6n/8RcmaQy4f95qQFrO2A8Sr6ybh4NRw==",
        "dependencies": {
          "@noble/curves": "@noble/curves@1.6.0",
          "@noble/hashes": "@noble/hashes@1.5.0",
          "@scure/base": "@scure/base@1.1.9"
        }
      },
      "@scure/bip39@1.2.1": {
        "integrity": "sha512-Z3/Fsz1yr904dduJD0NpiyRHhRYHdcnyh73FZWiV+/qhWi83wNJ3NWolYqCEN+ZWsUz2TWwajJggcRE9r1zUYg==",
        "dependencies": {
          "@noble/hashes": "@noble/hashes@1.3.2",
          "@scure/base": "@scure/base@1.1.9"
        }
      },
      "@scure/bip39@1.4.0": {
        "integrity": "sha512-BEEm6p8IueV/ZTfQLp/0vhw4NPnT9oWf5+28nvmeUICjP99f4vr2d+qc7AVGDDtwRep6ifR43Yed9ERVmiITzw==",
        "dependencies": {
          "@noble/hashes": "@noble/hashes@1.5.0",
          "@scure/base": "@scure/base@1.1.9"
        }
      },
      "@types/node@18.16.19": {
        "integrity": "sha512-IXl7o+R9iti9eBW4Wg2hx1xQDig183jj7YLn8F7udNceyfkbn1ZxmzZXuak20gR40D7pIkIY1kYGx5VIGbaHKA==",
        "dependencies": {}
      },
      "bech32@2.0.0": {
        "integrity": "sha512-LcknSilhIGatDAsY1ak2I8VtGaHNhgMSYVxFrGLXv+xLHytaKZKcaUJJUE7qmBr7h33o5YQwP55pMI0xmkpJwg==",
        "dependencies": {}
      },
      "feed@4.2.2": {
        "integrity": "sha512-u5/sxGfiMfZNtJ3OvQpXcvotFpYkL0n9u9mM2vkui2nGo8b4wvDkJ8gAkYqbA8QpGyFCv3RK0Z+Iv+9veCS9bQ==",
        "dependencies": {
          "xml-js": "xml-js@1.6.11"
        }
      },
      "lru-cache@10.4.3": {
        "integrity": "sha512-JNAzZcXrCt42VGLuYz0zfAzDfAvJWW6AfYlDBQyDV5DClI2m5sAmK+OIO7s59XfsRsWHp02jAJrRadPRGTt6SQ==",
        "dependencies": {}
      },
      "lru-cache@11.0.1": {
        "integrity": "sha512-CgeuL5uom6j/ZVrg7G/+1IXqRY8JXX4Hghfy5YE0EhoYQWvndP1kufu58cmZLNIDKnRhZrXfdS9urVWx98AipQ==",
        "dependencies": {}
      },
      "nostr-tools@2.7.2": {
        "integrity": "sha512-Bq3Ug0SZFtgtL1+0wCnAe8AJtI7yx/00/a2nUug9SkhfOwlKS92Tef12iCK9FdwXw+oFZWMtRnSwcLayQso+xA==",
        "dependencies": {
          "@noble/ciphers": "@noble/ciphers@0.5.3",
          "@noble/curves": "@noble/curves@1.2.0",
          "@noble/hashes": "@noble/hashes@1.3.1",
          "@scure/base": "@scure/base@1.1.1",
          "@scure/bip32": "@scure/bip32@1.3.1",
          "@scure/bip39": "@scure/bip39@1.2.1",
          "nostr-wasm": "nostr-wasm@0.1.0"
        }
      },
      "nostr-wasm@0.1.0": {
        "integrity": "sha512-78BTryCLcLYv96ONU8Ws3Q1JzjlAt+43pWQhIl86xZmWeegYCNLPml7yQ+gG3vR6V5h4XGj+TxO+SS5dsThQIA==",
        "dependencies": {}
      },
      "sax@1.4.1": {
        "integrity": "sha512-+aWOz7yVScEGoKNd4PA10LZ8sk0A/z5+nXQG5giUO5rprX9jgYsTdov9qCchZiPIZezbZH+jRut8nPodFAX4Jg==",
        "dependencies": {}
      },
      "websocket-ts@2.1.5": {
        "integrity": "sha512-rCNl9w6Hsir1azFm/pbjBEFzLD/gi7Th5ZgOxMifB6STUfTSovYAzryWw0TRvSZ1+Qu1Z5Plw4z42UfTNA9idA==",
        "dependencies": {}
      },
      "xml-js@1.6.11": {
        "integrity": "sha512-7rVi2KMfwfWFl+GpPg6m80IVMWXLRjO+PxTq7V2CDhoGak0wzYzFgUY2m4XJ47OGdXd8eLE8EmwfAmdjw7lC1g==",
        "dependencies": {
          "sax": "sax@1.4.1"
        }
      },
      "zod@3.23.8": {
        "integrity": "sha512-XBx9AXhXktjUqnepgTiE5flcKIYWi/rme0Eaj+5Y0lftuGBq+jyRu/md4WnuxqgP1ubdpNCsYEYPxrzVHD8d6g==",
        "dependencies": {}
      }
    }
  },
  "remote": {
    "https://deno.land/x/zod@v3.23.8/ZodError.ts": "528da200fbe995157b9ae91498b103c4ef482217a5c086249507ac850bd78f52",
    "https://deno.land/x/zod@v3.23.8/errors.ts": "5285922d2be9700cc0c70c95e4858952b07ae193aa0224be3cbd5cd5567eabef",
    "https://deno.land/x/zod@v3.23.8/external.ts": "a6cfbd61e9e097d5f42f8a7ed6f92f93f51ff927d29c9fbaec04f03cbce130fe",
    "https://deno.land/x/zod@v3.23.8/helpers/enumUtil.ts": "54efc393cc9860e687d8b81ff52e980def00fa67377ad0bf8b3104f8a5bf698c",
    "https://deno.land/x/zod@v3.23.8/helpers/errorUtil.ts": "7a77328240be7b847af6de9189963bd9f79cab32bbc61502a9db4fe6683e2ea7",
    "https://deno.land/x/zod@v3.23.8/helpers/parseUtil.ts": "c14814d167cc286972b6e094df88d7d982572a08424b7cd50f862036b6fcaa77",
    "https://deno.land/x/zod@v3.23.8/helpers/partialUtil.ts": "998c2fe79795257d4d1cf10361e74492f3b7d852f61057c7c08ac0a46488b7e7",
    "https://deno.land/x/zod@v3.23.8/helpers/typeAliases.ts": "0fda31a063c6736fc3cf9090dd94865c811dfff4f3cb8707b932bf937c6f2c3e",
    "https://deno.land/x/zod@v3.23.8/helpers/util.ts": "30c273131661ca5dc973f2cfb196fa23caf3a43e224cdde7a683b72e101a31fc",
    "https://deno.land/x/zod@v3.23.8/index.ts": "d27aabd973613985574bc31f39e45cb5d856aa122ef094a9f38a463b8ef1a268",
    "https://deno.land/x/zod@v3.23.8/locales/en.ts": "a7a25cd23563ccb5e0eed214d9b31846305ddbcdb9c5c8f508b108943366ab4c",
    "https://deno.land/x/zod@v3.23.8/mod.ts": "ec6e2b1255c1a350b80188f97bd0a6bac45801bb46fc48f50b9763aa66046039",
    "https://deno.land/x/zod@v3.23.8/types.ts": "1b172c90782b1eaa837100ebb6abd726d79d6c1ec336350c8e851e0fd706bf5c"
  }
}
